// !$*UTF8*$!
{
	archiveVersion = 1;
	classes = {
	};
	objectVersion = 52;
	objects = {

/* Begin PBXBuildFile section */
		0860C4D924B5B64B0000972B /* AppDelegate.swift in Sources */ = {isa = PBXBuildFile; fileRef = 0860C4D824B5B64B0000972B /* AppDelegate.swift */; };
		0860C4DB24B5B64B0000972B /* SceneDelegate.swift in Sources */ = {isa = PBXBuildFile; fileRef = 0860C4DA24B5B64B0000972B /* SceneDelegate.swift */; };
		0860C4DD24B5B64B0000972B /* ViewController.swift in Sources */ = {isa = PBXBuildFile; fileRef = 0860C4DC24B5B64B0000972B /* ViewController.swift */; };
		0860C4E024B5B64B0000972B /* Main.storyboard in Resources */ = {isa = PBXBuildFile; fileRef = 0860C4DE24B5B64B0000972B /* Main.storyboard */; };
		0860C4E224B5B64C0000972B /* Assets.xcassets in Resources */ = {isa = PBXBuildFile; fileRef = 0860C4E124B5B64C0000972B /* Assets.xcassets */; };
		0860C4E524B5B64C0000972B /* LaunchScreen.storyboard in Resources */ = {isa = PBXBuildFile; fileRef = 0860C4E324B5B64C0000972B /* LaunchScreen.storyboard */; };
		0860C4F324B5B6BB0000972B /* ConversationsController.swift in Sources */ = {isa = PBXBuildFile; fileRef = 0860C4F224B5B6BB0000972B /* ConversationsController.swift */; };
		0860C4F624B5C0DC0000972B /* LoginController.swift in Sources */ = {isa = PBXBuildFile; fileRef = 0860C4F524B5C0DC0000972B /* LoginController.swift */; };
		0860C4F824B5C0F10000972B /* RegiistrationController.swift in Sources */ = {isa = PBXBuildFile; fileRef = 0860C4F724B5C0F10000972B /* RegiistrationController.swift */; };
		0860C4FA24B5C4F80000972B /* UILayout.swift in Sources */ = {isa = PBXBuildFile; fileRef = 0860C4F924B5C4F80000972B /* UILayout.swift */; };
		0860C4FC24B5E3740000972B /* InputContainerView.swift in Sources */ = {isa = PBXBuildFile; fileRef = 0860C4FB24B5E3740000972B /* InputContainerView.swift */; };
		0860C4FE24B5E9510000972B /* InputTextField.swift in Sources */ = {isa = PBXBuildFile; fileRef = 0860C4FD24B5E9510000972B /* InputTextField.swift */; };
		086B29AE24B765BE003A2277 /* SwiftJWT in Frameworks */ = {isa = PBXBuildFile; productRef = 086B29AD24B765BE003A2277 /* SwiftJWT */; };
		086B29B024B7662B003A2277 /* JWT.swift in Sources */ = {isa = PBXBuildFile; fileRef = 086B29AF24B7662B003A2277 /* JWT.swift */; };
		086B29B224B77A28003A2277 /* APIManager.swift in Sources */ = {isa = PBXBuildFile; fileRef = 086B29B124B77A28003A2277 /* APIManager.swift */; };
		086B29B524B781B7003A2277 /* Alamofire in Frameworks */ = {isa = PBXBuildFile; productRef = 086B29B424B781B7003A2277 /* Alamofire */; };
		086B29B924B789E8003A2277 /* RegistrationModel.swift in Sources */ = {isa = PBXBuildFile; fileRef = 086B29B824B789E8003A2277 /* RegistrationModel.swift */; };
		086B29BC24B793D1003A2277 /* Constants.swift in Sources */ = {isa = PBXBuildFile; fileRef = 086B29BB24B793D1003A2277 /* Constants.swift */; };
		08DCE0CC24B6FD6B0017B0D2 /* ColorGradient.swift in Sources */ = {isa = PBXBuildFile; fileRef = 08DCE0CB24B6FD6B0017B0D2 /* ColorGradient.swift */; };
		08DCE0CE24B710830017B0D2 /* AuthButton.swift in Sources */ = {isa = PBXBuildFile; fileRef = 08DCE0CD24B710830017B0D2 /* AuthButton.swift */; };
		08DCE0D024B714D20017B0D2 /* AuthFooterButton.swift in Sources */ = {isa = PBXBuildFile; fileRef = 08DCE0CF24B714D20017B0D2 /* AuthFooterButton.swift */; };
		08DCE0D324B721400017B0D2 /* LoginViewModel.swift in Sources */ = {isa = PBXBuildFile; fileRef = 08DCE0D224B721400017B0D2 /* LoginViewModel.swift */; };
		08DCE0D524B734D10017B0D2 /* AvatarButton.swift in Sources */ = {isa = PBXBuildFile; fileRef = 08DCE0D424B734D10017B0D2 /* AvatarButton.swift */; };
		08DCE0D724B738070017B0D2 /* RegistrationViewModel.swift in Sources */ = {isa = PBXBuildFile; fileRef = 08DCE0D624B738070017B0D2 /* RegistrationViewModel.swift */; };
		08DCE0DA24B739840017B0D2 /* ValidationProtocol.swift in Sources */ = {isa = PBXBuildFile; fileRef = 08DCE0D924B739840017B0D2 /* ValidationProtocol.swift */; };
		08DCE0DC24B73F060017B0D2 /* AuthenticationProtocol.swift in Sources */ = {isa = PBXBuildFile; fileRef = 08DCE0DB24B73F060017B0D2 /* AuthenticationProtocol.swift */; };
/* End PBXBuildFile section */

/* Begin PBXFileReference section */
		0860C4D524B5B64B0000972B /* strapi-chat.app */ = {isa = PBXFileReference; explicitFileType = wrapper.application; includeInIndex = 0; path = "strapi-chat.app"; sourceTree = BUILT_PRODUCTS_DIR; };
		0860C4D824B5B64B0000972B /* AppDelegate.swift */ = {isa = PBXFileReference; lastKnownFileType = sourcecode.swift; path = AppDelegate.swift; sourceTree = "<group>"; };
		0860C4DA24B5B64B0000972B /* SceneDelegate.swift */ = {isa = PBXFileReference; lastKnownFileType = sourcecode.swift; path = SceneDelegate.swift; sourceTree = "<group>"; };
		0860C4DC24B5B64B0000972B /* ViewController.swift */ = {isa = PBXFileReference; lastKnownFileType = sourcecode.swift; path = ViewController.swift; sourceTree = "<group>"; };
		0860C4DF24B5B64B0000972B /* Base */ = {isa = PBXFileReference; lastKnownFileType = file.storyboard; name = Base; path = Base.lproj/Main.storyboard; sourceTree = "<group>"; };
		0860C4E124B5B64C0000972B /* Assets.xcassets */ = {isa = PBXFileReference; lastKnownFileType = folder.assetcatalog; path = Assets.xcassets; sourceTree = "<group>"; };
		0860C4E424B5B64C0000972B /* Base */ = {isa = PBXFileReference; lastKnownFileType = file.storyboard; name = Base; path = Base.lproj/LaunchScreen.storyboard; sourceTree = "<group>"; };
		0860C4E624B5B64C0000972B /* Info.plist */ = {isa = PBXFileReference; lastKnownFileType = text.plist.xml; path = Info.plist; sourceTree = "<group>"; };
		0860C4F224B5B6BB0000972B /* ConversationsController.swift */ = {isa = PBXFileReference; lastKnownFileType = sourcecode.swift; path = ConversationsController.swift; sourceTree = "<group>"; };
		0860C4F524B5C0DC0000972B /* LoginController.swift */ = {isa = PBXFileReference; lastKnownFileType = sourcecode.swift; path = LoginController.swift; sourceTree = "<group>"; };
		0860C4F724B5C0F10000972B /* RegiistrationController.swift */ = {isa = PBXFileReference; lastKnownFileType = sourcecode.swift; path = RegiistrationController.swift; sourceTree = "<group>"; };
		0860C4F924B5C4F80000972B /* UILayout.swift */ = {isa = PBXFileReference; lastKnownFileType = sourcecode.swift; path = UILayout.swift; sourceTree = "<group>"; };
		0860C4FB24B5E3740000972B /* InputContainerView.swift */ = {isa = PBXFileReference; lastKnownFileType = sourcecode.swift; path = InputContainerView.swift; sourceTree = "<group>"; };
		0860C4FD24B5E9510000972B /* InputTextField.swift */ = {isa = PBXFileReference; lastKnownFileType = sourcecode.swift; path = InputTextField.swift; sourceTree = "<group>"; };
		086B29AF24B7662B003A2277 /* JWT.swift */ = {isa = PBXFileReference; lastKnownFileType = sourcecode.swift; path = JWT.swift; sourceTree = "<group>"; };
		086B29B124B77A28003A2277 /* APIManager.swift */ = {isa = PBXFileReference; lastKnownFileType = sourcecode.swift; path = APIManager.swift; sourceTree = "<group>"; };
		086B29B824B789E8003A2277 /* RegistrationModel.swift */ = {isa = PBXFileReference; lastKnownFileType = sourcecode.swift; path = RegistrationModel.swift; sourceTree = "<group>"; };
		086B29BB24B793D1003A2277 /* Constants.swift */ = {isa = PBXFileReference; lastKnownFileType = sourcecode.swift; path = Constants.swift; sourceTree = "<group>"; };
		086B29BD24B79655003A2277 /* README.md */ = {isa = PBXFileReference; lastKnownFileType = net.daringfireball.markdown; path = README.md; sourceTree = "<group>"; };
		08DCE0CB24B6FD6B0017B0D2 /* ColorGradient.swift */ = {isa = PBXFileReference; lastKnownFileType = sourcecode.swift; path = ColorGradient.swift; sourceTree = "<group>"; };
		08DCE0CD24B710830017B0D2 /* AuthButton.swift */ = {isa = PBXFileReference; lastKnownFileType = sourcecode.swift; path = AuthButton.swift; sourceTree = "<group>"; };
		08DCE0CF24B714D20017B0D2 /* AuthFooterButton.swift */ = {isa = PBXFileReference; lastKnownFileType = sourcecode.swift; path = AuthFooterButton.swift; sourceTree = "<group>"; };
		08DCE0D224B721400017B0D2 /* LoginViewModel.swift */ = {isa = PBXFileReference; lastKnownFileType = sourcecode.swift; path = LoginViewModel.swift; sourceTree = "<group>"; };
		08DCE0D424B734D10017B0D2 /* AvatarButton.swift */ = {isa = PBXFileReference; lastKnownFileType = sourcecode.swift; path = AvatarButton.swift; sourceTree = "<group>"; };
		08DCE0D624B738070017B0D2 /* RegistrationViewModel.swift */ = {isa = PBXFileReference; lastKnownFileType = sourcecode.swift; path = RegistrationViewModel.swift; sourceTree = "<group>"; };
		08DCE0D924B739840017B0D2 /* ValidationProtocol.swift */ = {isa = PBXFileReference; lastKnownFileType = sourcecode.swift; path = ValidationProtocol.swift; sourceTree = "<group>"; };
		08DCE0DB24B73F060017B0D2 /* AuthenticationProtocol.swift */ = {isa = PBXFileReference; lastKnownFileType = sourcecode.swift; path = AuthenticationProtocol.swift; sourceTree = "<group>"; };
/* End PBXFileReference section */

/* Begin PBXFrameworksBuildPhase section */
		0860C4D224B5B64B0000972B /* Frameworks */ = {
			isa = PBXFrameworksBuildPhase;
			buildActionMask = 2147483647;
			files = (
				086B29AE24B765BE003A2277 /* SwiftJWT in Frameworks */,
				086B29B524B781B7003A2277 /* Alamofire in Frameworks */,
			);
			runOnlyForDeploymentPostprocessing = 0;
		};
/* End PBXFrameworksBuildPhase section */

/* Begin PBXGroup section */
		0860C4CC24B5B64B0000972B = {
			isa = PBXGroup;
			children = (
				086B29BD24B79655003A2277 /* README.md */,
				0860C4D724B5B64B0000972B /* strapi-chat */,
				0860C4D624B5B64B0000972B /* Products */,
			);
			sourceTree = "<group>";
		};
		0860C4D624B5B64B0000972B /* Products */ = {
			isa = PBXGroup;
			children = (
				0860C4D524B5B64B0000972B /* strapi-chat.app */,
			);
			name = Products;
			sourceTree = "<group>";
		};
		0860C4D724B5B64B0000972B /* strapi-chat */ = {
			isa = PBXGroup;
			children = (
				086B29BA24B793AF003A2277 /* Helpers */,
				0860C4F124B5B6760000972B /* Model */,
				0860C4F024B5B6740000972B /* View */,
				0860C4EF24B5B6710000972B /* ViewModel */,
				0860C4EE24B5B66F0000972B /* Controller */,
				0860C4ED24B5B66C0000972B /* API */,
				0860C4EC24B5B65F0000972B /* Extensions */,
				0860C4D824B5B64B0000972B /* AppDelegate.swift */,
				0860C4DA24B5B64B0000972B /* SceneDelegate.swift */,
				0860C4DC24B5B64B0000972B /* ViewController.swift */,
				0860C4DE24B5B64B0000972B /* Main.storyboard */,
				0860C4E124B5B64C0000972B /* Assets.xcassets */,
				0860C4E324B5B64C0000972B /* LaunchScreen.storyboard */,
				0860C4E624B5B64C0000972B /* Info.plist */,
			);
			path = "strapi-chat";
			sourceTree = "<group>";
		};
		0860C4EC24B5B65F0000972B /* Extensions */ = {
			isa = PBXGroup;
			children = (
				0860C4F924B5C4F80000972B /* UILayout.swift */,
				08DCE0CB24B6FD6B0017B0D2 /* ColorGradient.swift */,
			);
			path = Extensions;
			sourceTree = "<group>";
		};
		0860C4ED24B5B66C0000972B /* API */ = {
			isa = PBXGroup;
			children = (
				086B29AF24B7662B003A2277 /* JWT.swift */,
				086B29B124B77A28003A2277 /* APIManager.swift */,
			);
			path = API;
			sourceTree = "<group>";
		};
		0860C4EE24B5B66F0000972B /* Controller */ = {
			isa = PBXGroup;
			children = (
				0860C4F424B5C0B40000972B /* Authentication */,
				0860C4F224B5B6BB0000972B /* ConversationsController.swift */,
			);
			path = Controller;
			sourceTree = "<group>";
		};
		0860C4EF24B5B6710000972B /* ViewModel */ = {
			isa = PBXGroup;
			children = (
				08DCE0D824B738B70017B0D2 /* Authentication */,
			);
			path = ViewModel;
			sourceTree = "<group>";
		};
		0860C4F024B5B6740000972B /* View */ = {
			isa = PBXGroup;
			children = (
				08DCE0D124B71D090017B0D2 /* Authentication */,
				0860C4FB24B5E3740000972B /* InputContainerView.swift */,
				0860C4FD24B5E9510000972B /* InputTextField.swift */,
				08DCE0D424B734D10017B0D2 /* AvatarButton.swift */,
			);
			path = View;
			sourceTree = "<group>";
		};
		0860C4F124B5B6760000972B /* Model */ = {
			isa = PBXGroup;
			children = (
				086B29B824B789E8003A2277 /* RegistrationModel.swift */,
			);
			path = Model;
			sourceTree = "<group>";
		};
		0860C4F424B5C0B40000972B /* Authentication */ = {
			isa = PBXGroup;
			children = (
				0860C4F524B5C0DC0000972B /* LoginController.swift */,
				0860C4F724B5C0F10000972B /* RegiistrationController.swift */,
				08DCE0DB24B73F060017B0D2 /* AuthenticationProtocol.swift */,
			);
			path = Authentication;
			sourceTree = "<group>";
		};
		086B29BA24B793AF003A2277 /* Helpers */ = {
			isa = PBXGroup;
			children = (
				086B29BB24B793D1003A2277 /* Constants.swift */,
			);
			path = Helpers;
			sourceTree = "<group>";
		};
		08DCE0D124B71D090017B0D2 /* Authentication */ = {
			isa = PBXGroup;
			children = (
				08DCE0CD24B710830017B0D2 /* AuthButton.swift */,
				08DCE0CF24B714D20017B0D2 /* AuthFooterButton.swift */,
			);
			path = Authentication;
			sourceTree = "<group>";
		};
		08DCE0D824B738B70017B0D2 /* Authentication */ = {
			isa = PBXGroup;
			children = (
				08DCE0D224B721400017B0D2 /* LoginViewModel.swift */,
				08DCE0D624B738070017B0D2 /* RegistrationViewModel.swift */,
				08DCE0D924B739840017B0D2 /* ValidationProtocol.swift */,
			);
			path = Authentication;
			sourceTree = "<group>";
		};
/* End PBXGroup section */

/* Begin PBXNativeTarget section */
		0860C4D424B5B64B0000972B /* strapi-chat */ = {
			isa = PBXNativeTarget;
			buildConfigurationList = 0860C4E924B5B64C0000972B /* Build configuration list for PBXNativeTarget "strapi-chat" */;
			buildPhases = (
				0860C4D124B5B64B0000972B /* Sources */,
				0860C4D224B5B64B0000972B /* Frameworks */,
				0860C4D324B5B64B0000972B /* Resources */,
			);
			buildRules = (
			);
			dependencies = (
			);
			name = "strapi-chat";
			packageProductDependencies = (
				086B29AD24B765BE003A2277 /* SwiftJWT */,
				086B29B424B781B7003A2277 /* Alamofire */,
			);
			productName = "strapi-chat";
			productReference = 0860C4D524B5B64B0000972B /* strapi-chat.app */;
			productType = "com.apple.product-type.application";
		};
/* End PBXNativeTarget section */

/* Begin PBXProject section */
		0860C4CD24B5B64B0000972B /* Project object */ = {
			isa = PBXProject;
			attributes = {
				LastSwiftUpdateCheck = 1150;
				LastUpgradeCheck = 1150;
				ORGANIZATIONNAME = "Jonathan Farber";
				TargetAttributes = {
					0860C4D424B5B64B0000972B = {
						CreatedOnToolsVersion = 11.5;
					};
				};
			};
			buildConfigurationList = 0860C4D024B5B64B0000972B /* Build configuration list for PBXProject "strapi-chat" */;
			compatibilityVersion = "Xcode 9.3";
			developmentRegion = en;
			hasScannedForEncodings = 0;
			knownRegions = (
				en,
				Base,
			);
			mainGroup = 0860C4CC24B5B64B0000972B;
			packageReferences = (
				086B29AC24B765BE003A2277 /* XCRemoteSwiftPackageReference "Swift-JWT" */,
				086B29B324B781B7003A2277 /* XCRemoteSwiftPackageReference "Alamofire" */,
			);
			productRefGroup = 0860C4D624B5B64B0000972B /* Products */;
			projectDirPath = "";
			projectRoot = "";
			targets = (
				0860C4D424B5B64B0000972B /* strapi-chat */,
			);
		};
/* End PBXProject section */

/* Begin PBXResourcesBuildPhase section */
		0860C4D324B5B64B0000972B /* Resources */ = {
			isa = PBXResourcesBuildPhase;
			buildActionMask = 2147483647;
			files = (
				0860C4E524B5B64C0000972B /* LaunchScreen.storyboard in Resources */,
				0860C4E224B5B64C0000972B /* Assets.xcassets in Resources */,
				0860C4E024B5B64B0000972B /* Main.storyboard in Resources */,
			);
			runOnlyForDeploymentPostprocessing = 0;
		};
/* End PBXResourcesBuildPhase section */

/* Begin PBXSourcesBuildPhase section */
		0860C4D124B5B64B0000972B /* Sources */ = {
			isa = PBXSourcesBuildPhase;
			buildActionMask = 2147483647;
			files = (
				08DCE0D024B714D20017B0D2 /* AuthFooterButton.swift in Sources */,
				0860C4DD24B5B64B0000972B /* ViewController.swift in Sources */,
				0860C4FC24B5E3740000972B /* InputContainerView.swift in Sources */,
				0860C4D924B5B64B0000972B /* AppDelegate.swift in Sources */,
				0860C4F324B5B6BB0000972B /* ConversationsController.swift in Sources */,
				08DCE0DC24B73F060017B0D2 /* AuthenticationProtocol.swift in Sources */,
				0860C4DB24B5B64B0000972B /* SceneDelegate.swift in Sources */,
				08DCE0CE24B710830017B0D2 /* AuthButton.swift in Sources */,
				0860C4F824B5C0F10000972B /* RegiistrationController.swift in Sources */,
				08DCE0D324B721400017B0D2 /* LoginViewModel.swift in Sources */,
				086B29B224B77A28003A2277 /* APIManager.swift in Sources */,
				086B29BC24B793D1003A2277 /* Constants.swift in Sources */,
				08DCE0DA24B739840017B0D2 /* ValidationProtocol.swift in Sources */,
				086B29B024B7662B003A2277 /* JWT.swift in Sources */,
				0860C4F624B5C0DC0000972B /* LoginController.swift in Sources */,
				086B29B924B789E8003A2277 /* RegistrationModel.swift in Sources */,
				08DCE0D724B738070017B0D2 /* RegistrationViewModel.swift in Sources */,
				0860C4FE24B5E9510000972B /* InputTextField.swift in Sources */,
				0860C4FA24B5C4F80000972B /* UILayout.swift in Sources */,
				08DCE0D524B734D10017B0D2 /* AvatarButton.swift in Sources */,
				08DCE0CC24B6FD6B0017B0D2 /* ColorGradient.swift in Sources */,
			);
			runOnlyForDeploymentPostprocessing = 0;
		};
/* End PBXSourcesBuildPhase section */

/* Begin PBXVariantGroup section */
		0860C4DE24B5B64B0000972B /* Main.storyboard */ = {
			isa = PBXVariantGroup;
			children = (
				0860C4DF24B5B64B0000972B /* Base */,
			);
			name = Main.storyboard;
			sourceTree = "<group>";
		};
		0860C4E324B5B64C0000972B /* LaunchScreen.storyboard */ = {
			isa = PBXVariantGroup;
			children = (
				0860C4E424B5B64C0000972B /* Base */,
			);
			name = LaunchScreen.storyboard;
			sourceTree = "<group>";
		};
/* End PBXVariantGroup section */

/* Begin XCBuildConfiguration section */
		0860C4E724B5B64C0000972B /* Debug */ = {
			isa = XCBuildConfiguration;
			buildSettings = {
				ALWAYS_SEARCH_USER_PATHS = NO;
				CLANG_ANALYZER_NONNULL = YES;
				CLANG_ANALYZER_NUMBER_OBJECT_CONVERSION = YES_AGGRESSIVE;
				CLANG_CXX_LANGUAGE_STANDARD = "gnu++14";
				CLANG_CXX_LIBRARY = "libc++";
				CLANG_ENABLE_MODULES = YES;
				CLANG_ENABLE_OBJC_ARC = YES;
				CLANG_ENABLE_OBJC_WEAK = YES;
				CLANG_WARN_BLOCK_CAPTURE_AUTORELEASING = YES;
				CLANG_WARN_BOOL_CONVERSION = YES;
				CLANG_WARN_COMMA = YES;
				CLANG_WARN_CONSTANT_CONVERSION = YES;
				CLANG_WARN_DEPRECATED_OBJC_IMPLEMENTATIONS = YES;
				CLANG_WARN_DIRECT_OBJC_ISA_USAGE = YES_ERROR;
				CLANG_WARN_DOCUMENTATION_COMMENTS = YES;
				CLANG_WARN_EMPTY_BODY = YES;
				CLANG_WARN_ENUM_CONVERSION = YES;
				CLANG_WARN_INFINITE_RECURSION = YES;
				CLANG_WARN_INT_CONVERSION = YES;
				CLANG_WARN_NON_LITERAL_NULL_CONVERSION = YES;
				CLANG_WARN_OBJC_IMPLICIT_RETAIN_SELF = YES;
				CLANG_WARN_OBJC_LITERAL_CONVERSION = YES;
				CLANG_WARN_OBJC_ROOT_CLASS = YES_ERROR;
				CLANG_WARN_RANGE_LOOP_ANALYSIS = YES;
				CLANG_WARN_STRICT_PROTOTYPES = YES;
				CLANG_WARN_SUSPICIOUS_MOVE = YES;
				CLANG_WARN_UNGUARDED_AVAILABILITY = YES_AGGRESSIVE;
				CLANG_WARN_UNREACHABLE_CODE = YES;
				CLANG_WARN__DUPLICATE_METHOD_MATCH = YES;
				COPY_PHASE_STRIP = NO;
				DEBUG_INFORMATION_FORMAT = dwarf;
				ENABLE_STRICT_OBJC_MSGSEND = YES;
				ENABLE_TESTABILITY = YES;
				GCC_C_LANGUAGE_STANDARD = gnu11;
				GCC_DYNAMIC_NO_PIC = NO;
				GCC_NO_COMMON_BLOCKS = YES;
				GCC_OPTIMIZATION_LEVEL = 0;
				GCC_PREPROCESSOR_DEFINITIONS = (
					"DEBUG=1",
					"$(inherited)",
				);
				GCC_WARN_64_TO_32_BIT_CONVERSION = YES;
				GCC_WARN_ABOUT_RETURN_TYPE = YES_ERROR;
				GCC_WARN_UNDECLARED_SELECTOR = YES;
				GCC_WARN_UNINITIALIZED_AUTOS = YES_AGGRESSIVE;
				GCC_WARN_UNUSED_FUNCTION = YES;
				GCC_WARN_UNUSED_VARIABLE = YES;
				IPHONEOS_DEPLOYMENT_TARGET = 13.5;
				MTL_ENABLE_DEBUG_INFO = INCLUDE_SOURCE;
				MTL_FAST_MATH = YES;
				ONLY_ACTIVE_ARCH = YES;
				SDKROOT = iphoneos;
				SWIFT_ACTIVE_COMPILATION_CONDITIONS = DEBUG;
				SWIFT_OPTIMIZATION_LEVEL = "-Onone";
			};
			name = Debug;
		};
		0860C4E824B5B64C0000972B /* Release */ = {
			isa = XCBuildConfiguration;
			buildSettings = {
				ALWAYS_SEARCH_USER_PATHS = NO;
				CLANG_ANALYZER_NONNULL = YES;
				CLANG_ANALYZER_NUMBER_OBJECT_CONVERSION = YES_AGGRESSIVE;
				CLANG_CXX_LANGUAGE_STANDARD = "gnu++14";
				CLANG_CXX_LIBRARY = "libc++";
				CLANG_ENABLE_MODULES = YES;
				CLANG_ENABLE_OBJC_ARC = YES;
				CLANG_ENABLE_OBJC_WEAK = YES;
				CLANG_WARN_BLOCK_CAPTURE_AUTORELEASING = YES;
				CLANG_WARN_BOOL_CONVERSION = YES;
				CLANG_WARN_COMMA = YES;
				CLANG_WARN_CONSTANT_CONVERSION = YES;
				CLANG_WARN_DEPRECATED_OBJC_IMPLEMENTATIONS = YES;
				CLANG_WARN_DIRECT_OBJC_ISA_USAGE = YES_ERROR;
				CLANG_WARN_DOCUMENTATION_COMMENTS = YES;
				CLANG_WARN_EMPTY_BODY = YES;
				CLANG_WARN_ENUM_CONVERSION = YES;
				CLANG_WARN_INFINITE_RECURSION = YES;
				CLANG_WARN_INT_CONVERSION = YES;
				CLANG_WARN_NON_LITERAL_NULL_CONVERSION = YES;
				CLANG_WARN_OBJC_IMPLICIT_RETAIN_SELF = YES;
				CLANG_WARN_OBJC_LITERAL_CONVERSION = YES;
				CLANG_WARN_OBJC_ROOT_CLASS = YES_ERROR;
				CLANG_WARN_RANGE_LOOP_ANALYSIS = YES;
				CLANG_WARN_STRICT_PROTOTYPES = YES;
				CLANG_WARN_SUSPICIOUS_MOVE = YES;
				CLANG_WARN_UNGUARDED_AVAILABILITY = YES_AGGRESSIVE;
				CLANG_WARN_UNREACHABLE_CODE = YES;
				CLANG_WARN__DUPLICATE_METHOD_MATCH = YES;
				COPY_PHASE_STRIP = NO;
				DEBUG_INFORMATION_FORMAT = "dwarf-with-dsym";
				ENABLE_NS_ASSERTIONS = NO;
				ENABLE_STRICT_OBJC_MSGSEND = YES;
				GCC_C_LANGUAGE_STANDARD = gnu11;
				GCC_NO_COMMON_BLOCKS = YES;
				GCC_WARN_64_TO_32_BIT_CONVERSION = YES;
				GCC_WARN_ABOUT_RETURN_TYPE = YES_ERROR;
				GCC_WARN_UNDECLARED_SELECTOR = YES;
				GCC_WARN_UNINITIALIZED_AUTOS = YES_AGGRESSIVE;
				GCC_WARN_UNUSED_FUNCTION = YES;
				GCC_WARN_UNUSED_VARIABLE = YES;
				IPHONEOS_DEPLOYMENT_TARGET = 13.5;
				MTL_ENABLE_DEBUG_INFO = NO;
				MTL_FAST_MATH = YES;
				SDKROOT = iphoneos;
				SWIFT_COMPILATION_MODE = wholemodule;
				SWIFT_OPTIMIZATION_LEVEL = "-O";
				VALIDATE_PRODUCT = YES;
			};
			name = Release;
		};
		0860C4EA24B5B64C0000972B /* Debug */ = {
			isa = XCBuildConfiguration;
			buildSettings = {
				ASSETCATALOG_COMPILER_APPICON_NAME = AppIcon;
				CODE_SIGN_STYLE = Automatic;
				DEVELOPMENT_TEAM = T65535QL34;
				INFOPLIST_FILE = "strapi-chat/Info.plist";
				LD_RUNPATH_SEARCH_PATHS = (
					"$(inherited)",
					"@executable_path/Frameworks",
				);
				PRODUCT_BUNDLE_IDENTIFIER = "com.j.k.farber.strapi-chat";
				PRODUCT_NAME = "$(TARGET_NAME)";
				SWIFT_VERSION = 5.0;
				TARGETED_DEVICE_FAMILY = "1,2";
			};
			name = Debug;
		};
		0860C4EB24B5B64C0000972B /* Release */ = {
			isa = XCBuildConfiguration;
			buildSettings = {
				ASSETCATALOG_COMPILER_APPICON_NAME = AppIcon;
				CODE_SIGN_STYLE = Automatic;
				DEVELOPMENT_TEAM = T65535QL34;
				INFOPLIST_FILE = "strapi-chat/Info.plist";
				LD_RUNPATH_SEARCH_PATHS = (
					"$(inherited)",
					"@executable_path/Frameworks",
				);
				PRODUCT_BUNDLE_IDENTIFIER = "com.j.k.farber.strapi-chat";
				PRODUCT_NAME = "$(TARGET_NAME)";
				SWIFT_VERSION = 5.0;
				TARGETED_DEVICE_FAMILY = "1,2";
			};
			name = Release;
		};
/* End XCBuildConfiguration section */

/* Begin XCConfigurationList section */
		0860C4D024B5B64B0000972B /* Build configuration list for PBXProject "strapi-chat" */ = {
			isa = XCConfigurationList;
			buildConfigurations = (
				0860C4E724B5B64C0000972B /* Debug */,
				0860C4E824B5B64C0000972B /* Release */,
			);
			defaultConfigurationIsVisible = 0;
			defaultConfigurationName = Release;
		};
		0860C4E924B5B64C0000972B /* Build configuration list for PBXNativeTarget "strapi-chat" */ = {
			isa = XCConfigurationList;
			buildConfigurations = (
				0860C4EA24B5B64C0000972B /* Debug */,
				0860C4EB24B5B64C0000972B /* Release */,
			);
			defaultConfigurationIsVisible = 0;
			defaultConfigurationName = Release;
		};
/* End XCConfigurationList section */

/* Begin XCRemoteSwiftPackageReference section */
		086B29AC24B765BE003A2277 /* XCRemoteSwiftPackageReference "Swift-JWT" */ = {
			isa = XCRemoteSwiftPackageReference;
			repositoryURL = "https://github.com/IBM-Swift/Swift-JWT.git";
			requirement = {
				kind = upToNextMajorVersion;
				minimumVersion = 3.6.1;
			};
		};
		086B29B324B781B7003A2277 /* XCRemoteSwiftPackageReference "Alamofire" */ = {
			isa = XCRemoteSwiftPackageReference;
			repositoryURL = "https://github.com/Alamofire/Alamofire.git";
			requirement = {
				kind = upToNextMajorVersion;
				minimumVersion = 5.2.1;
			};
		};
/* End XCRemoteSwiftPackageReference section */

/* Begin XCSwiftPackageProductDependency section */
		086B29AD24B765BE003A2277 /* SwiftJWT */ = {
			isa = XCSwiftPackageProductDependency;
			package = 086B29AC24B765BE003A2277 /* XCRemoteSwiftPackageReference "Swift-JWT" */;
			productName = SwiftJWT;
		};
		086B29B424B781B7003A2277 /* Alamofire */ = {
			isa = XCSwiftPackageProductDependency;
			package = 086B29B324B781B7003A2277 /* XCRemoteSwiftPackageReference "Alamofire" */;
			productName = Alamofire;
		};
/* End XCSwiftPackageProductDependency section */
	};
	rootObject = 0860C4CD24B5B64B0000972B /* Project object */;
}
